
Microsoft Visual Studio Solution File, Format Version 12.00
# Visual Studio 15
VisualStudioVersion = 15.0.28307.1684
MinimumVisualStudioVersion = 10.0.40219.1
Project("{8BC9CEB8-8B4A-11D0-8D11-00A0C91BC942}") = "cdef_test", "cdef_test\cdef_test.vcxproj", "{CE7D8C74-DCE9-499E-B833-3CF75B4F0500}"
EndProject
Global
	GlobalSection(SolutionConfigurationPlatforms) = preSolution
		Debug|x64 = Debug|x64
		Debug|x86 = Debug|x86
		Release|x64 = Release|x64
		Release|x86 = Release|x86
	EndGlobalSection
	GlobalSection(ProjectConfigurationPlatforms) = postSolution
		{CE7D8C74-DCE9-499E-B833-3CF75B4F0500}.Debug|x64.ActiveCfg = Debug|x64
		{CE7D8C74-DCE9-499E-B833-3CF75B4F0500}.Debug|x64.Build.0 = Debug|x64
		{CE7D8C74-DCE9-499E-B833-3CF75B4F0500}.Debug|x86.ActiveCfg = Debug|Win32
		{CE7D8C74-DCE9-499E-B833-3CF75B4F0500}.Debug|x86.Build.0 = Debug|Win32
		{CE7D8C74-DCE9-499E-B833-3CF75B4F0500}.Release|x64.ActiveCfg = Release|x64
		{CE7D8C74-DCE9-499E-B833-3CF75B4F0500}.Release|x64.Build.0 = Release|x64
		{CE7D8C74-DCE9-499E-B833-3CF75B4F0500}.Release|x86.ActiveCfg = Release|Win32
		{CE7D8C74-DCE9-499E-B833-3CF75B4F0500}.Release|x86.Build.0 = Release|Win32
	EndGlobalSection
	GlobalSection(SolutionProperties) = preSolution
		HideSolutionNode = FALSE
	EndGlobalSection
	GlobalSection(ExtensibilityGlobals) = postSolution
		SolutionGuid = {78CC1A8A-7A9B-468C-9C1D-37652F16719E}
	EndGlobalSection
EndGlobal
